// !$*UTF8*$!
{
	archiveVersion = 1;
	classes = {
	};
	objectVersion = 46;
	objects = {

/* Begin PBXBuildFile section */
		1DEC1FB91AE89B5200F75BDE /* main.m in Sources */ = {isa = PBXBuildFile; fileRef = 1DEC1FB81AE89B5200F75BDE /* main.m */; };
		1DEC1FBC1AE89B5200F75BDE /* AppDelegate.m in Sources */ = {isa = PBXBuildFile; fileRef = 1DEC1FBB1AE89B5200F75BDE /* AppDelegate.m */; };
		1DEC1FBF1AE89B5200F75BDE /* ViewController.m in Sources */ = {isa = PBXBuildFile; fileRef = 1DEC1FBE1AE89B5200F75BDE /* ViewController.m */; };
		1DEC1FC21AE89B5200F75BDE /* Main.storyboard in Resources */ = {isa = PBXBuildFile; fileRef = 1DEC1FC01AE89B5200F75BDE /* Main.storyboard */; };
		1DEC1FC41AE89B5200F75BDE /* Images.xcassets in Resources */ = {isa = PBXBuildFile; fileRef = 1DEC1FC31AE89B5200F75BDE /* Images.xcassets */; };
		1DEC1FC71AE89B5200F75BDE /* LaunchScreen.xib in Resources */ = {isa = PBXBuildFile; fileRef = 1DEC1FC51AE89B5200F75BDE /* LaunchScreen.xib */; };
		1DEC1FD31AE89B5200F75BDE /* IBvsCodeTests.m in Sources */ = {isa = PBXBuildFile; fileRef = 1DEC1FD21AE89B5200F75BDE /* IBvsCodeTests.m */; };
/* End PBXBuildFile section */

/* Begin PBXContainerItemProxy section */
		1DEC1FCD1AE89B5200F75BDE /* PBXContainerItemProxy */ = {
			isa = PBXContainerItemProxy;
			containerPortal = 1DEC1FAB1AE89B5100F75BDE /* Project object */;
			proxyType = 1;
			remoteGlobalIDString = 1DEC1FB21AE89B5200F75BDE;
			remoteInfo = IBvsCode;
		};
/* End PBXContainerItemProxy section */

/* Begin PBXFileReference section */
		1DEC1FB31AE89B5200F75BDE /* IBvsCode.app */ = {isa = PBXFileReference; explicitFileType = wrapper.application; includeInIndex = 0; path = IBvsCode.app; sourceTree = BUILT_PRODUCTS_DIR; };
		1DEC1FB71AE89B5200F75BDE /* Info.plist */ = {isa = PBXFileReference; lastKnownFileType = text.plist.xml; path = Info.plist; sourceTree = "<group>"; };
		1DEC1FB81AE89B5200F75BDE /* main.m */ = {isa = PBXFileReference; lastKnownFileType = sourcecode.c.objc; path = main.m; sourceTree = "<group>"; };
		1DEC1FBA1AE89B5200F75BDE /* AppDelegate.h */ = {isa = PBXFileReference; lastKnownFileType = sourcecode.c.h; path = AppDelegate.h; sourceTree = "<group>"; };
		1DEC1FBB1AE89B5200F75BDE /* AppDelegate.m */ = {isa = PBXFileReference; lastKnownFileType = sourcecode.c.objc; path = AppDelegate.m; sourceTree = "<group>"; };
		1DEC1FBD1AE89B5200F75BDE /* ViewController.h */ = {isa = PBXFileReference; lastKnownFileType = sourcecode.c.h; path = ViewController.h; sourceTree = "<group>"; };
		1DEC1FBE1AE89B5200F75BDE /* ViewController.m */ = {isa = PBXFileReference; lastKnownFileType = sourcecode.c.objc; path = ViewController.m; sourceTree = "<group>"; };
		1DEC1FC11AE89B5200F75BDE /* Base */ = {isa = PBXFileReference; lastKnownFileType = file.storyboard; name = Base; path = Base.lproj/Main.storyboard; sourceTree = "<group>"; };
		1DEC1FC31AE89B5200F75BDE /* Images.xcassets */ = {isa = PBXFileReference; lastKnownFileType = folder.assetcatalog; path = Images.xcassets; sourceTree = "<group>"; };
		1DEC1FC61AE89B5200F75BDE /* Base */ = {isa = PBXFileReference; lastKnownFileType = file.xib; name = Base; path = Base.lproj/LaunchScreen.xib; sourceTree = "<group>"; };
		1DEC1FCC1AE89B5200F75BDE /* IBvsCodeTests.xctest */ = {isa = PBXFileReference; explicitFileType = wrapper.cfbundle; includeInIndex = 0; path = IBvsCodeTests.xctest; sourceTree = BUILT_PRODUCTS_DIR; };
		1DEC1FD11AE89B5200F75BDE /* Info.plist */ = {isa = PBXFileReference; lastKnownFileType = text.plist.xml; path = Info.plist; sourceTree = "<group>"; };
		1DEC1FD21AE89B5200F75BDE /* IBvsCodeTests.m */ = {isa = PBXFileReference; lastKnownFileType = sourcecode.c.objc; path = IBvsCodeTests.m; sourceTree = "<group>"; };
/* End PBXFileReference section */

/* Begin PBXFrameworksBuildPhase section */
		1DEC1FB01AE89B5200F75BDE /* Frameworks */ = {
			isa = PBXFrameworksBuildPhase;
			buildActionMask = 2147483647;
			files = (
			);
			runOnlyForDeploymentPostprocessing = 0;
		};
		1DEC1FC91AE89B5200F75BDE /* Frameworks */ = {
			isa = PBXFrameworksBuildPhase;
			buildActionMask = 2147483647;
			files = (
			);
			runOnlyForDeploymentPostprocessing = 0;
		};
/* End PBXFrameworksBuildPhase section */

/* Begin PBXGroup section */
		1DEC1FAA1AE89B5100F75BDE = {
			isa = PBXGroup;
			children = (
				1DEC1FB51AE89B5200F75BDE /* IBvsCode */,
				1DEC1FCF1AE89B5200F75BDE /* IBvsCodeTests */,
				1DEC1FB41AE89B5200F75BDE /* Products */,
			);
			sourceTree = "<group>";
		};
		1DEC1FB41AE89B5200F75BDE /* Products */ = {
			isa = PBXGroup;
			children = (
				1DEC1FB31AE89B5200F75BDE /* IBvsCode.app */,
				1DEC1FCC1AE89B5200F75BDE /* IBvsCodeTests.xctest */,
			);
			name = Products;
			sourceTree = "<group>";
		};
		1DEC1FB51AE89B5200F75BDE /* IBvsCode */ = {
			isa = PBXGroup;
			children = (
				1DEC1FBA1AE89B5200F75BDE /* AppDelegate.h */,
				1DEC1FBB1AE89B5200F75BDE /* AppDelegate.m */,
				1DEC1FBD1AE89B5200F75BDE /* ViewController.h */,
				1DEC1FBE1AE89B5200F75BDE /* ViewController.m */,
				1DEC1FC01AE89B5200F75BDE /* Main.storyboard */,
				1DEC1FC31AE89B5200F75BDE /* Images.xcassets */,
				1DEC1FC51AE89B5200F75BDE /* LaunchScreen.xib */,
				1DEC1FB61AE89B5200F75BDE /* Supporting Files */,
			);
			path = IBvsCode;
			sourceTree = "<group>";
		};
		1DEC1FB61AE89B5200F75BDE /* Supporting Files */ = {
			isa = PBXGroup;
			children = (
				1DEC1FB71AE89B5200F75BDE /* Info.plist */,
				1DEC1FB81AE89B5200F75BDE /* main.m */,
			);
			name = "Supporting Files";
			sourceTree = "<group>";
		};
		1DEC1FCF1AE89B5200F75BDE /* IBvsCodeTests */ = {
			isa = PBXGroup;
			children = (
				1DEC1FD21AE89B5200F75BDE /* IBvsCodeTests.m */,
				1DEC1FD01AE89B5200F75BDE /* Supporting Files */,
			);
			path = IBvsCodeTests;
			sourceTree = "<group>";
		};
		1DEC1FD01AE89B5200F75BDE /* Supporting Files */ = {
			isa = PBXGroup;
			children = (
				1DEC1FD11AE89B5200F75BDE /* Info.plist */,
			);
			name = "Supporting Files";
			sourceTree = "<group>";
		};
/* End PBXGroup section */

/* Begin PBXNativeTarget section */
		1DEC1FB21AE89B5200F75BDE /* IBvsCode */ = {
			isa = PBXNativeTarget;
			buildConfigurationList = 1DEC1FD61AE89B5200F75BDE /* Build configuration list for PBXNativeTarget "IBvsCode" */;
			buildPhases = (
				1DEC1FAF1AE89B5200F75BDE /* Sources */,
				1DEC1FB01AE89B5200F75BDE /* Frameworks */,
				1DEC1FB11AE89B5200F75BDE /* Resources */,
			);
			buildRules = (
			);
			dependencies = (
			);
			name = IBvsCode;
			productName = IBvsCode;
			productReference = 1DEC1FB31AE89B5200F75BDE /* IBvsCode.app */;
			productType = "com.apple.product-type.application";
		};
		1DEC1FCB1AE89B5200F75BDE /* IBvsCodeTests */ = {
			isa = PBXNativeTarget;
			buildConfigurationList = 1DEC1FD91AE89B5200F75BDE /* Build configuration list for PBXNativeTarget "IBvsCodeTests" */;
			buildPhases = (
				1DEC1FC81AE89B5200F75BDE /* Sources */,
				1DEC1FC91AE89B5200F75BDE /* Frameworks */,
				1DEC1FCA1AE89B5200F75BDE /* Resources */,
			);
			buildRules = (
			);
			dependencies = (
				1DEC1FCE1AE89B5200F75BDE /* PBXTargetDependency */,
			);
			name = IBvsCodeTests;
			productName = IBvsCodeTests;
			productReference = 1DEC1FCC1AE89B5200F75BDE /* IBvsCodeTests.xctest */;
			productType = "com.apple.product-type.bundle.unit-test";
		};
/* End PBXNativeTarget section */

/* Begin PBXProject section */
		1DEC1FAB1AE89B5100F75BDE /* Project object */ = {
			isa = PBXProject;
			attributes = {
				LastUpgradeCheck = 0630;
				ORGANIZATIONNAME = dsx;
				TargetAttributes = {
					1DEC1FB21AE89B5200F75BDE = {
						CreatedOnToolsVersion = 6.3;
					};
					1DEC1FCB1AE89B5200F75BDE = {
						CreatedOnToolsVersion = 6.3;
						TestTargetID = 1DEC1FB21AE89B5200F75BDE;
					};
				};
			};
			buildConfigurationList = 1DEC1FAE1AE89B5100F75BDE /* Build configuration list for PBXProject "IBvsCode" */;
			compatibilityVersion = "Xcode 3.2";
			developmentRegion = English;
			hasScannedForEncodings = 0;
			knownRegions = (
				en,
				Base,
			);
			mainGroup = 1DEC1FAA1AE89B5100F75BDE;
			productRefGroup = 1DEC1FB41AE89B5200F75BDE /* Products */;
			projectDirPath = "";
			projectRoot = "";
			targets = (
				1DEC1FB21AE89B5200F75BDE /* IBvsCode */,
				1DEC1FCB1AE89B5200F75BDE /* IBvsCodeTests */,
			);
		};
/* End PBXProject section */

/* Begin PBXResourcesBuildPhase section */
		1DEC1FB11AE89B5200F75BDE /* Resources */ = {
			isa = PBXResourcesBuildPhase;
			buildActionMask = 2147483647;
			files = (
				1DEC1FC21AE89B5200F75BDE /* Main.storyboard in Resources */,
				1DEC1FC71AE89B5200F75BDE /* LaunchScreen.xib in Resources */,
				1DEC1FC41AE89B5200F75BDE /* Images.xcassets in Resources */,
			);
			runOnlyForDeploymentPostprocessing = 0;
		};
		1DEC1FCA1AE89B5200F75BDE /* Resources */ = {
			isa = PBXResourcesBuildPhase;
			buildActionMask = 2147483647;
			files = (
			);
			runOnlyForDeploymentPostprocessing = 0;
		};
/* End PBXResourcesBuildPhase section */

/* Begin PBXSourcesBuildPhase section */
		1DEC1FAF1AE89B5200F75BDE /* Sources */ = {
			isa = PBXSourcesBuildPhase;
			buildActionMask = 2147483647;
			files = (
				1DEC1FBF1AE89B5200F75BDE /* ViewController.m in Sources */,
				1DEC1FBC1AE89B5200F75BDE /* AppDelegate.m in Sources */,
				1DEC1FB91AE89B5200F75BDE /* main.m in Sources */,
			);
			runOnlyForDeploymentPostprocessing = 0;
		};
		1DEC1FC81AE89B5200F75BDE /* Sources */ = {
			isa = PBXSourcesBuildPhase;
			buildActionMask = 2147483647;
			files = (
				1DEC1FD31AE89B5200F75BDE /* IBvsCodeTests.m in Sources */,
			);
			runOnlyForDeploymentPostprocessing = 0;
		};
/* End PBXSourcesBuildPhase section */

/* Begin PBXTargetDependency section */
		1DEC1FCE1AE89B5200F75BDE /* PBXTargetDependency */ = {
			isa = PBXTargetDependency;
			target = 1DEC1FB21AE89B5200F75BDE /* IBvsCode */;
			targetProxy = 1DEC1FCD1AE89B5200F75BDE /* PBXContainerItemProxy */;
		};
/* End PBXTargetDependency section */

/* Begin PBXVariantGroup section */
		1DEC1FC01AE89B5200F75BDE /* Main.storyboard */ = {
			isa = PBXVariantGroup;
			children = (
				1DEC1FC11AE89B5200F75BDE /* Base */,
			);
			name = Main.storyboard;
			sourceTree = "<group>";
		};
		1DEC1FC51AE89B5200F75BDE /* LaunchScreen.xib */ = {
			isa = PBXVariantGroup;
			children = (
				1DEC1FC61AE89B5200F75BDE /* Base */,
			);
			name = LaunchScreen.xib;
			sourceTree = "<group>";
		};
/* End PBXVariantGroup section */

/* Begin XCBuildConfiguration section */
		1DEC1FD41AE89B5200F75BDE /* Debug */ = {
			isa = XCBuildConfiguration;
			buildSettings = {
				ALWAYS_SEARCH_USER_PATHS = NO;
				CLANG_CXX_LANGUAGE_STANDARD = "gnu++0x";
				CLANG_CXX_LIBRARY = "libc++";
				CLANG_ENABLE_MODULES = YES;
				CLANG_ENABLE_OBJC_ARC = YES;
				CLANG_WARN_BOOL_CONVERSION = YES;
				CLANG_WARN_CONSTANT_CONVERSION = YES;
				CLANG_WARN_DIRECT_OBJC_ISA_USAGE = YES_ERROR;
				CLANG_WARN_EMPTY_BODY = YES;
				CLANG_WARN_ENUM_CONVERSION = YES;
				CLANG_WARN_INT_CONVERSION = YES;
				CLANG_WARN_OBJC_ROOT_CLASS = YES_ERROR;
				CLANG_WARN_UNREACHABLE_CODE = YES;
				CLANG_WARN__DUPLICATE_METHOD_MATCH = YES;
				"CODE_SIGN_IDENTITY[sdk=iphoneos*]" = "iPhone Developer";
				COPY_PHASE_STRIP = NO;
				DEBUG_INFORMATION_FORMAT = "dwarf-with-dsym";
				ENABLE_STRICT_OBJC_MSGSEND = YES;
				GCC_C_LANGUAGE_STANDARD = gnu99;
				GCC_DYNAMIC_NO_PIC = NO;
				GCC_NO_COMMON_BLOCKS = YES;
				GCC_OPTIMIZATION_LEVEL = 0;
				GCC_PREPROCESSOR_DEFINITIONS = (
					"DEBUG=1",
					"$(inherited)",
				);
				GCC_SYMBOLS_PRIVATE_EXTERN = NO;
				GCC_WARN_64_TO_32_BIT_CONVERSION = YES;
				GCC_WARN_ABOUT_RETURN_TYPE = YES_ERROR;
				GCC_WARN_UNDECLARED_SELECTOR = YES;
				GCC_WARN_UNINITIALIZED_AUTOS = YES_AGGRESSIVE;
				GCC_WARN_UNUSED_FUNCTION = YES;
				GCC_WARN_UNUSED_VARIABLE = YES;
				IPHONEOS_DEPLOYMENT_TARGET = 8.3;
				MTL_ENABLE_DEBUG_INFO = YES;
				ONLY_ACTIVE_ARCH = YES;
				SDKROOT = iphoneos;
				TARGETED_DEVICE_FAMILY = "1,2";
			};
			name = Debug;
		};
		1DEC1FD51AE89B5200F75BDE /* Release */ = {
			isa = XCBuildConfiguration;
			buildSettings = {
				ALWAYS_SEARCH_USER_PATHS = NO;
				CLANG_CXX_LANGUAGE_STANDARD = "gnu++0x";
				CLANG_CXX_LIBRARY = "libc++";
				CLANG_ENABLE_MODULES = YES;
				CLANG_ENABLE_OBJC_ARC = YES;
				CLANG_WARN_BOOL_CONVERSION = YES;
				CLANG_WARN_CONSTANT_CONVERSION = YES;
				CLANG_WARN_DIRECT_OBJC_ISA_USAGE = YES_ERROR;
				CLANG_WARN_EMPTY_BODY = YES;
				CLANG_WARN_ENUM_CONVERSION = YES;
				CLANG_WARN_INT_CONVERSION = YES;
				CLANG_WARN_OBJC_ROOT_CLASS = YES_ERROR;
				CLANG_WARN_UNREACHABLE_CODE = YES;
				CLANG_WARN__DUPLICATE_METHOD_MATCH = YES;
				"CODE_SIGN_IDENTITY[sdk=iphoneos*]" = "iPhone Developer";
				COPY_PHASE_STRIP = NO;
				DEBUG_INFORMATION_FORMAT = "dwarf-with-dsym";
				ENABLE_NS_ASSERTIONS = NO;
				ENABLE_STRICT_OBJC_MSGSEND = YES;
				GCC_C_LANGUAGE_STANDARD = gnu99;
				GCC_NO_COMMON_BLOCKS = YES;
				GCC_WARN_64_TO_32_BIT_CONVERSION = YES;
				GCC_WARN_ABOUT_RETURN_TYPE = YES_ERROR;
				GCC_WARN_UNDECLARED_SELECTOR = YES;
				GCC_WARN_UNINITIALIZED_AUTOS = YES_AGGRESSIVE;
				GCC_WARN_UNUSED_FUNCTION = YES;
				GCC_WARN_UNUSED_VARIABLE = YES;
				IPHONEOS_DEPLOYMENT_TARGET = 8.3;
				MTL_ENABLE_DEBUG_INFO = NO;
				SDKROOT = iphoneos;
				TARGETED_DEVICE_FAMILY = "1,2";
				VALIDATE_PRODUCT = YES;
			};
			name = Release;
		};
		1DEC1FD71AE89B5200F75BDE /* Debug */ = {
			isa = XCBuildConfiguration;
			buildSettings = {
				ASSETCATALOG_COMPILER_APPICON_NAME = AppIcon;
				INFOPLIST_FILE = IBvsCode/Info.plist;
				LD_RUNPATH_SEARCH_PATHS = "$(inherited) @executable_path/Frameworks";
				PRODUCT_NAME = "$(TARGET_NAME)";
			};
			name = Debug;
		};
		1DEC1FD81AE89B5200F75BDE /* Release */ = {
			isa = XCBuildConfiguration;
			buildSettings = {
				ASSETCATALOG_COMPILER_APPICON_NAME = AppIcon;
				INFOPLIST_FILE = IBvsCode/Info.plist;
				LD_RUNPATH_SEARCH_PATHS = "$(inherited) @executable_path/Frameworks";
				PRODUCT_NAME = "$(TARGET_NAME)";
			};
			name = Release;
		};
		1DEC1FDA1AE89B5200F75BDE /* Debug */ = {
			isa = XCBuildConfiguration;
			buildSettings = {
				BUNDLE_LOADER = "$(TEST_HOST)";
				FRAMEWORK_SEARCH_PATHS = (
					"$(SDKROOT)/Developer/Library/Frameworks",
					"$(inherited)",
				);
				GCC_PREPROCESSOR_DEFINITIONS = (
					"DEBUG=1",
					"$(inherited)",
				);
				INFOPLIST_FILE = IBvsCodeTests/Info.plist;
				LD_RUNPATH_SEARCH_PATHS = "$(inherited) @executable_path/Frameworks @loader_path/Frameworks";
				PRODUCT_NAME = "$(TARGET_NAME)";
				TEST_HOST = "$(BUILT_PRODUCTS_DIR)/IBvsCode.app/IBvsCode";
			};
			name = Debug;
		};
		1DEC1FDB1AE89B5200F75BDE /* Release */ = {
			isa = XCBuildConfiguration;
			buildSettings = {
				BUNDLE_LOADER = "$(TEST_HOST)";
				FRAMEWORK_SEARCH_PATHS = (
					"$(SDKROOT)/Developer/Library/Frameworks",
					"$(inherited)",
				);
				INFOPLIST_FILE = IBvsCodeTests/Info.plist;
				LD_RUNPATH_SEARCH_PATHS = "$(inherited) @executable_path/Frameworks @loader_path/Frameworks";
				PRODUCT_NAME = "$(TARGET_NAME)";
				TEST_HOST = "$(BUILT_PRODUCTS_DIR)/IBvsCode.app/IBvsCode";
			};
			name = Release;
		};
/* End XCBuildConfiguration section */

/* Begin XCConfigurationList section */
		1DEC1FAE1AE89B5100F75BDE /* Build configuration list for PBXProject "IBvsCode" */ = {
			isa = XCConfigurationList;
			buildConfigurations = (
				1DEC1FD41AE89B5200F75BDE /* Debug */,
				1DEC1FD51AE89B5200F75BDE /* Release */,
			);
			defaultConfigurationIsVisible = 0;
			defaultConfigurationName = Release;
		};
		1DEC1FD61AE89B5200F75BDE /* Build configuration list for PBXNativeTarget "IBvsCode" */ = {
			isa = XCConfigurationList;
			buildConfigurations = (
				1DEC1FD71AE89B5200F75BDE /* Debug */,
				1DEC1FD81AE89B5200F75BDE /* Release */,
			);
			defaultConfigurationIsVisible = 0;
		};
		1DEC1FD91AE89B5200F75BDE /* Build configuration list for PBXNativeTarget "IBvsCodeTests" */ = {
			isa = XCConfigurationList;
			buildConfigurations = (
				1DEC1FDA1AE89B5200F75BDE /* Debug */,
				1DEC1FDB1AE89B5200F75BDE /* Release */,
			);
			defaultConfigurationIsVisible = 0;
		};
/* End XCConfigurationList section */
	};
	rootObject = 1DEC1FAB1AE89B5100F75BDE /* Project object */;
}
